
Microsoft Visual Studio Solution File, Format Version 12.00
# Visual Studio 2012
Project("{FAE04EC0-301F-11D3-BF4B-00C04F79EFBC}") = "Urvarta", "Urvarta\Urvarta.csproj", "{62B04D8B-2C26-4F2F-BD55-9B79B7D21122}"
EndProject
Project("{FAE04EC0-301F-11D3-BF4B-00C04F79EFBC}") = "Urvarta.Console", "Urvarta.Console\Urvarta.Console.csproj", "{069E2289-6CC5-4639-8A2D-B300A5E3BE14}"
EndProject
Global
	GlobalSection(SolutionConfigurationPlatforms) = preSolution
		Debug|Any CPU = Debug|Any CPU
		Release|Any CPU = Release|Any CPU
	EndGlobalSection
	GlobalSection(ProjectConfigurationPlatforms) = postSolution
		{62B04D8B-2C26-4F2F-BD55-9B79B7D21122}.Debug|Any CPU.ActiveCfg = Debug|Any CPU
		{62B04D8B-2C26-4F2F-BD55-9B79B7D21122}.Debug|Any CPU.Build.0 = Debug|Any CPU
		{62B04D8B-2C26-4F2F-BD55-9B79B7D21122}.Release|Any CPU.ActiveCfg = Release|Any CPU
		{62B04D8B-2C26-4F2F-BD55-9B79B7D21122}.Release|Any CPU.Build.0 = Release|Any CPU
		{069E2289-6CC5-4639-8A2D-B300A5E3BE14}.Debug|Any CPU.ActiveCfg = Debug|Any CPU
		{069E2289-6CC5-4639-8A2D-B300A5E3BE14}.Debug|Any CPU.Build.0 = Debug|Any CPU
		{069E2289-6CC5-4639-8A2D-B300A5E3BE14}.Release|Any CPU.ActiveCfg = Release|Any CPU
		{069E2289-6CC5-4639-8A2D-B300A5E3BE14}.Release|Any CPU.Build.0 = Release|Any CPU
	EndGlobalSection
	GlobalSection(SolutionProperties) = preSolution
		HideSolutionNode = FALSE
	EndGlobalSection
EndGlobal
